
Microsoft Visual Studio Solution File, Format Version 12.00
# Visual Studio Version 16
VisualStudioVersion = 16.0.32602.291
MinimumVisualStudioVersion = 10.0.40219.1
Project("{FAE04EC0-301F-11D3-BF4B-00C04F79EFBC}") = "Yemek_Tarifi_Sitesi_ASPNET", "Yemek_Tarifi_Sitesi_ASPNET\Yemek_Tarifi_Sitesi_ASPNET.csproj", "{F8FF16CD-D4D0-4D86-9F45-901081438F4A}"
EndProject
Global
	GlobalSection(SolutionConfigurationPlatforms) = preSolution
		Debug|Any CPU = Debug|Any CPU
		Release|Any CPU = Release|Any CPU
	EndGlobalSection
	GlobalSection(ProjectConfigurationPlatforms) = postSolution
		{F8FF16CD-D4D0-4D86-9F45-901081438F4A}.Debug|Any CPU.ActiveCfg = Debug|Any CPU
		{F8FF16CD-D4D0-4D86-9F45-901081438F4A}.Debug|Any CPU.Build.0 = Debug|Any CPU
		{F8FF16CD-D4D0-4D86-9F45-901081438F4A}.Release|Any CPU.ActiveCfg = Release|Any CPU
		{F8FF16CD-D4D0-4D86-9F45-901081438F4A}.Release|Any CPU.Build.0 = Release|Any CPU
	EndGlobalSection
	GlobalSection(SolutionProperties) = preSolution
		HideSolutionNode = FALSE
	EndGlobalSection
	GlobalSection(ExtensibilityGlobals) = postSolution
		SolutionGuid = {3F4BAF09-BA40-4D2E-84C9-901E93E924BB}
	EndGlobalSection
EndGlobal
